
Microsoft Visual Studio Solution File, Format Version 12.00
# Visual Studio Version 17
VisualStudioVersion = 17.7.34009.444
MinimumVisualStudioVersion = 10.0.40219.1
Project("{8BC9CEB8-8B4A-11D0-8D11-00A0C91BC942}") = "BackJoon", "BackJoon\BackJoon.vcxproj", "{29099B37-999D-40CE-9928-3B46623998E1}"
EndProject
Project("{2150E333-8FDC-42A3-9474-1A3956D46DE8}") = "솔루션 항목", "솔루션 항목", "{B9993A9A-4CDD-4BDB-B425-2D0167274A11}"
EndProject
Global
	GlobalSection(SolutionConfigurationPlatforms) = preSolution
		Debug|x64 = Debug|x64
		Debug|x86 = Debug|x86
		Release|x64 = Release|x64
		Release|x86 = Release|x86
	EndGlobalSection
	GlobalSection(ProjectConfigurationPlatforms) = postSolution
		{29099B37-999D-40CE-9928-3B46623998E1}.Debug|x64.ActiveCfg = Debug|x64
		{29099B37-999D-40CE-9928-3B46623998E1}.Debug|x64.Build.0 = Debug|x64
		{29099B37-999D-40CE-9928-3B46623998E1}.Debug|x86.ActiveCfg = Debug|Win32
		{29099B37-999D-40CE-9928-3B46623998E1}.Debug|x86.Build.0 = Debug|Win32
		{29099B37-999D-40CE-9928-3B46623998E1}.Release|x64.ActiveCfg = Release|x64
		{29099B37-999D-40CE-9928-3B46623998E1}.Release|x64.Build.0 = Release|x64
		{29099B37-999D-40CE-9928-3B46623998E1}.Release|x86.ActiveCfg = Release|Win32
		{29099B37-999D-40CE-9928-3B46623998E1}.Release|x86.Build.0 = Release|Win32
	EndGlobalSection
	GlobalSection(SolutionProperties) = preSolution
		HideSolutionNode = FALSE
	EndGlobalSection
	GlobalSection(ExtensibilityGlobals) = postSolution
		SolutionGuid = {5F05ABB5-5FAC-46D9-939E-CFFC3F86AA1B}
	EndGlobalSection
EndGlobal
