<?xml version="1.0" encoding="utf-8"?>
<Project ToolsVersion="4.0" xmlns="http://schemas.microsoft.com/developer/msbuild/2003">
  <ItemGroup>
    <Filter Include="BFS,DFS">
      <UniqueIdentifier>{7ac5bb04-b067-4374-bf70-bf82dbf7e97d}</UniqueIdentifier>
    </Filter>
    <Filter Include="구현 문제">
      <UniqueIdentifier>{6c42d5c7-2622-4796-b104-5cae148aea9d}</UniqueIdentifier>
    </Filter>
    <Filter Include="이진 탐색">
      <UniqueIdentifier>{dc9a91a5-c184-4cd8-bfb6-df95a8166775}</UniqueIdentifier>
    </Filter>
    <Filter Include="DP">
      <UniqueIdentifier>{27070837-5188-4a2a-860a-2124cbc07711}</UniqueIdentifier>
    </Filter>
    <Filter Include="스택">
      <UniqueIdentifier>{63a9f346-0a56-4634-810b-d97fd750cd79}</UniqueIdentifier>
    </Filter>
    <Filter Include="다익스트라">
      <UniqueIdentifier>{34bb3dd6-6b7b-4988-9ec5-4964008312a4}</UniqueIdentifier>
    </Filter>
    <Filter Include="그리디">
      <UniqueIdentifier>{a9e243c5-a501-4799-a511-cde0a99ef2b1}</UniqueIdentifier>
    </Filter>
    <Filter Include="1주차 - 문자열,누적합,구현">
      <UniqueIdentifier>{a2456051-6a56-4da4-a201-4778d8cb86c1}</UniqueIdentifier>
    </Filter>
  </ItemGroup>
  <ItemGroup>
    <ClCompile Include="2178 미로찾기.cpp">
      <Filter>BFS,DFS</Filter>
    </ClCompile>
    <ClCompile Include="1260 DFS와 BFS.cpp">
      <Filter>BFS,DFS</Filter>
    </ClCompile>
    <ClCompile Include="2206 벽 부수고 이동하기.cpp">
      <Filter>BFS,DFS</Filter>
    </ClCompile>
    <ClCompile Include="1260 DFS와 BFS - vector구현.cpp">
      <Filter>BFS,DFS</Filter>
    </ClCompile>
    <ClCompile Include="2667 단지번호붙이기.cpp">
      <Filter>BFS,DFS</Filter>
    </ClCompile>
    <ClCompile Include="1009 분산처리.cpp">
      <Filter>구현 문제</Filter>
    </ClCompile>
    <ClCompile Include="4963 섬의 개수.cpp">
      <Filter>BFS,DFS</Filter>
    </ClCompile>
    <ClCompile Include="1987 알파벳.cpp">
      <Filter>BFS,DFS</Filter>
    </ClCompile>
    <ClCompile Include="10026 적록색약.cpp">
      <Filter>BFS,DFS</Filter>
    </ClCompile>
    <ClCompile Include="1920 수찾기.cpp">
      <Filter>이진 탐색</Filter>
    </ClCompile>
    <ClCompile Include="2805 나무자르기.cpp">
      <Filter>이진 탐색</Filter>
    </ClCompile>
    <ClCompile Include="1654 랜선 자르기.cpp">
      <Filter>이진 탐색</Filter>
    </ClCompile>
    <ClCompile Include="2613 숫자구슬.cpp">
      <Filter>이진 탐색</Filter>
    </ClCompile>
    <ClCompile Include="1110번 더하기 사이클.cpp">
      <Filter>구현 문제</Filter>
    </ClCompile>
    <ClCompile Include="3079 입국심사.cpp">
      <Filter>이진 탐색</Filter>
    </ClCompile>
    <ClCompile Include="1939 중량제한.cpp">
      <Filter>이진 탐색</Filter>
    </ClCompile>
    <ClCompile Include="6209 제자리 멀리뛰기.cpp">
      <Filter>이진 탐색</Filter>
    </ClCompile>
    <ClCompile Include="9465 스티커.cpp">
      <Filter>DP</Filter>
    </ClCompile>
    <ClCompile Include="1149 RGB 거리.cpp">
      <Filter>DP</Filter>
    </ClCompile>
    <ClCompile Include="11722 가장 긴 감소하는 부분 수열.cpp">
      <Filter>DP</Filter>
    </ClCompile>
    <ClCompile Include="11055 가장 큰 증가하는 부분 수열.cpp">
      <Filter>DP</Filter>
    </ClCompile>
    <ClCompile Include="1912 연속합.cpp">
      <Filter>DP</Filter>
    </ClCompile>
    <ClCompile Include="9251 LCS.cpp">
      <Filter>DP</Filter>
    </ClCompile>
    <ClCompile Include="10773 제로.cpp">
      <Filter>스택</Filter>
    </ClCompile>
    <ClCompile Include="4949 균형잡힌 세상.cpp">
      <Filter>스택</Filter>
    </ClCompile>
    <ClCompile Include="2293 동전1.cpp">
      <Filter>DP</Filter>
    </ClCompile>
    <ClCompile Include="1753 최단경로.cpp">
      <Filter>다익스트라</Filter>
    </ClCompile>
    <ClCompile Include="1916 최소비용 구하기.cpp">
      <Filter>다익스트라</Filter>
    </ClCompile>
    <ClCompile Include="1238 파티.cpp">
      <Filter>다익스트라</Filter>
    </ClCompile>
    <ClCompile Include="11047 동전0.cpp">
      <Filter>그리디</Filter>
    </ClCompile>
    <ClCompile Include="4796 캠핑.cpp">
      <Filter>그리디</Filter>
    </ClCompile>
    <ClCompile Include="1032 명령 프롬프트.cpp">
      <Filter>구현 문제</Filter>
    </ClCompile>
    <ClCompile Include="2309 일곱난쟁이.cpp">
      <Filter>1주차 - 문자열,누적합,구현</Filter>
    </ClCompile>
    <ClCompile Include="10808 알파벳 개수.cpp">
      <Filter>1주차 - 문자열,누적합,구현</Filter>
    </ClCompile>
    <ClCompile Include="2979 트럭 주차.cpp">
      <Filter>1주차 - 문자열,누적합,구현</Filter>
    </ClCompile>
    <ClCompile Include="10988 팰린드롬인지 확인하기.cpp">
      <Filter>1주차 - 문자열,누적합,구현</Filter>
    </ClCompile>
    <ClCompile Include="1159 농구경기.cpp">
      <Filter>1주차 - 문자열,누적합,구현</Filter>
    </ClCompile>
    <ClCompile Include="11655 ROT13.cpp">
      <Filter>1주차 - 문자열,누적합,구현</Filter>
    </ClCompile>
    <ClCompile Include="9996 한국이 그리울 땐 서버에 접속하지.cpp">
      <Filter>1주차 - 문자열,누적합,구현</Filter>
    </ClCompile>
    <ClCompile Include="1620 나는야 포켓몬 마스터 이다솜.cpp">
      <Filter>1주차 - 문자열,누적합,구현</Filter>
    </ClCompile>
    <ClCompile Include="2559 수열.cpp">
      <Filter>1주차 - 문자열,누적합,구현</Filter>
    </ClCompile>
    <ClCompile Include="9375 패션왕 신해빈.cpp">
      <Filter>1주차 - 문자열,누적합,구현</Filter>
    </ClCompile>
    <ClCompile Include="1213 팰린드롬 만들기.cpp">
      <Filter>1주차 - 문자열,누적합,구현</Filter>
    </ClCompile>
    <ClCompile Include="1940 주몽.cpp">
      <Filter>1주차 - 문자열,누적합,구현</Filter>
    </ClCompile>
    <ClCompile Include="3986 좋은단어.cpp">
      <Filter>1주차 - 문자열,누적합,구현</Filter>
    </ClCompile>
    <ClCompile Include="1629 곱셈.cpp">
      <Filter>1주차 - 문자열,누적합,구현</Filter>
    </ClCompile>
  </ItemGroup>
</Project>