<?xml version="1.0" encoding="utf-8"?>
<Project ToolsVersion="4.0" xmlns="http://schemas.microsoft.com/developer/msbuild/2003">
  <ItemGroup>
    <Filter Include="BFS,DFS">
      <UniqueIdentifier>{7ac5bb04-b067-4374-bf70-bf82dbf7e97d}</UniqueIdentifier>
    </Filter>
    <Filter Include="구현 문제">
      <UniqueIdentifier>{6c42d5c7-2622-4796-b104-5cae148aea9d}</UniqueIdentifier>
    </Filter>
  </ItemGroup>
  <ItemGroup>
    <ClCompile Include="2178 미로찾기.cpp">
      <Filter>BFS,DFS</Filter>
    </ClCompile>
    <ClCompile Include="1260 DFS와 BFS.cpp">
      <Filter>BFS,DFS</Filter>
    </ClCompile>
    <ClCompile Include="2206 벽 부수고 이동하기.cpp">
      <Filter>BFS,DFS</Filter>
    </ClCompile>
    <ClCompile Include="1260 DFS와 BFS - vector구현.cpp">
      <Filter>BFS,DFS</Filter>
    </ClCompile>
    <ClCompile Include="2667 단지번호붙이기.cpp">
      <Filter>BFS,DFS</Filter>
    </ClCompile>
    <ClCompile Include="1009 분산처리.cpp">
      <Filter>구현 문제</Filter>
    </ClCompile>
  </ItemGroup>
</Project>